
Microsoft Visual Studio Solution File, Format Version 12.00
# Visual Studio Version 16
VisualStudioVersion = 16.0.32126.315
MinimumVisualStudioVersion = 10.0.40219.1
Project("{FAE04EC0-301F-11D3-BF4B-00C04F79EFBC}") = "zadanie_na_ocene", "zadanie_na_ocene\zadanie_na_ocene.csproj", "{00638332-E06E-4F9F-A80D-42F03DD8712D}"
EndProject
Global
	GlobalSection(SolutionConfigurationPlatforms) = preSolution
		Debug|Any CPU = Debug|Any CPU
		Release|Any CPU = Release|Any CPU
	EndGlobalSection
	GlobalSection(ProjectConfigurationPlatforms) = postSolution
		{00638332-E06E-4F9F-A80D-42F03DD8712D}.Debug|Any CPU.ActiveCfg = Debug|Any CPU
		{00638332-E06E-4F9F-A80D-42F03DD8712D}.Debug|Any CPU.Build.0 = Debug|Any CPU
		{00638332-E06E-4F9F-A80D-42F03DD8712D}.Release|Any CPU.ActiveCfg = Release|Any CPU
		{00638332-E06E-4F9F-A80D-42F03DD8712D}.Release|Any CPU.Build.0 = Release|Any CPU
	EndGlobalSection
	GlobalSection(SolutionProperties) = preSolution
		HideSolutionNode = FALSE
	EndGlobalSection
	GlobalSection(ExtensibilityGlobals) = postSolution
		SolutionGuid = {0E2F5F22-0AD6-4F03-86B0-DF983E3F6B4D}
	EndGlobalSection
EndGlobal
